
Microsoft Visual Studio Solution File, Format Version 12.00
# Visual Studio Version 17
VisualStudioVersion = 17.10.35013.160
MinimumVisualStudioVersion = 10.0.40219.1
Project("{9A19103F-16F7-4668-BE54-9A1E7A4F7556}") = "PegGameSolverLibrary", "PegGameSolverLibrary\PegGameSolverLibrary.csproj", "{EBC26DF4-68C1-4BB0-BEC5-047140055DFA}"
EndProject
Project("{9A19103F-16F7-4668-BE54-9A1E7A4F7556}") = "PegSolverAPI", "PegSolverAPI\PegSolverAPI.csproj", "{815B26E3-1FB8-43D0-8A26-672460444693}"
EndProject
Project("{9A19103F-16F7-4668-BE54-9A1E7A4F7556}") = "PegSolverLibraryUnitTest", "PegSolverLibraryUnitTest\PegSolverLibraryUnitTest.csproj", "{BDC77B78-C9C8-41AB-BC46-15ABE7797FD3}"
EndProject
Project("{2150E333-8FDC-42A3-9474-1A3956D46DE8}") = "Solution Items", "Solution Items", "{67CBE5C4-6AF7-4925-AC93-77DFCB26055A}"
	ProjectSection(SolutionItems) = preProject
		docker-compose.yml = docker-compose.yml
	EndProjectSection
EndProject
Project("{54A90642-561A-4BB1-A94E-469ADEE60C69}") = "peggamesolverweb", "PegGameSolverWeb\peggamesolverweb.esproj", "{BA98EA2B-B7B7-5130-A084-C7E93DF8E3FA}"
EndProject
Global
	GlobalSection(SolutionConfigurationPlatforms) = preSolution
		Debug|Any CPU = Debug|Any CPU
		Release|Any CPU = Release|Any CPU
	EndGlobalSection
	GlobalSection(ProjectConfigurationPlatforms) = postSolution
		{EBC26DF4-68C1-4BB0-BEC5-047140055DFA}.Debug|Any CPU.ActiveCfg = Debug|Any CPU
		{EBC26DF4-68C1-4BB0-BEC5-047140055DFA}.Debug|Any CPU.Build.0 = Debug|Any CPU
		{EBC26DF4-68C1-4BB0-BEC5-047140055DFA}.Release|Any CPU.ActiveCfg = Release|Any CPU
		{EBC26DF4-68C1-4BB0-BEC5-047140055DFA}.Release|Any CPU.Build.0 = Release|Any CPU
		{815B26E3-1FB8-43D0-8A26-672460444693}.Debug|Any CPU.ActiveCfg = Debug|Any CPU
		{815B26E3-1FB8-43D0-8A26-672460444693}.Debug|Any CPU.Build.0 = Debug|Any CPU
		{815B26E3-1FB8-43D0-8A26-672460444693}.Release|Any CPU.ActiveCfg = Release|Any CPU
		{815B26E3-1FB8-43D0-8A26-672460444693}.Release|Any CPU.Build.0 = Release|Any CPU
		{BDC77B78-C9C8-41AB-BC46-15ABE7797FD3}.Debug|Any CPU.ActiveCfg = Debug|Any CPU
		{BDC77B78-C9C8-41AB-BC46-15ABE7797FD3}.Debug|Any CPU.Build.0 = Debug|Any CPU
		{BDC77B78-C9C8-41AB-BC46-15ABE7797FD3}.Release|Any CPU.ActiveCfg = Release|Any CPU
		{BDC77B78-C9C8-41AB-BC46-15ABE7797FD3}.Release|Any CPU.Build.0 = Release|Any CPU
		{BA98EA2B-B7B7-5130-A084-C7E93DF8E3FA}.Debug|Any CPU.ActiveCfg = Debug|Any CPU
		{BA98EA2B-B7B7-5130-A084-C7E93DF8E3FA}.Debug|Any CPU.Build.0 = Debug|Any CPU
		{BA98EA2B-B7B7-5130-A084-C7E93DF8E3FA}.Debug|Any CPU.Deploy.0 = Debug|Any CPU
		{BA98EA2B-B7B7-5130-A084-C7E93DF8E3FA}.Release|Any CPU.ActiveCfg = Release|Any CPU
		{BA98EA2B-B7B7-5130-A084-C7E93DF8E3FA}.Release|Any CPU.Build.0 = Release|Any CPU
		{BA98EA2B-B7B7-5130-A084-C7E93DF8E3FA}.Release|Any CPU.Deploy.0 = Release|Any CPU
	EndGlobalSection
	GlobalSection(SolutionProperties) = preSolution
		HideSolutionNode = FALSE
	EndGlobalSection
	GlobalSection(ExtensibilityGlobals) = postSolution
		SolutionGuid = {5B2269BB-758D-4B23-AC0D-26E7584ACFF6}
	EndGlobalSection
EndGlobal
